
Microsoft Visual Studio Solution File, Format Version 12.00
# Visual Studio Version 17
VisualStudioVersion = 17.8.34408.163
MinimumVisualStudioVersion = 10.0.40219.1
Project("{8BC9CEB8-8B4A-11D0-8D11-00A0C91BC942}") = "GPU_FLIP", "GPU_FLIP.vcxproj", "{D9F6A165-9601-460E-88F9-A96E798C1F4A}"
EndProject
Global
	GlobalSection(SolutionConfigurationPlatforms) = preSolution
		Debug|x64 = Debug|x64
		Release|x64 = Release|x64
	EndGlobalSection
	GlobalSection(ProjectConfigurationPlatforms) = postSolution
		{D9F6A165-9601-460E-88F9-A96E798C1F4A}.Debug|x64.ActiveCfg = Debug|x64
		{D9F6A165-9601-460E-88F9-A96E798C1F4A}.Debug|x64.Build.0 = Debug|x64
		{D9F6A165-9601-460E-88F9-A96E798C1F4A}.Release|x64.ActiveCfg = Release|x64
		{D9F6A165-9601-460E-88F9-A96E798C1F4A}.Release|x64.Build.0 = Release|x64
	EndGlobalSection
	GlobalSection(SolutionProperties) = preSolution
		HideSolutionNode = FALSE
	EndGlobalSection
	GlobalSection(ExtensibilityGlobals) = postSolution
		SolutionGuid = {AB2EDDB2-89A6-4F33-8396-7D4D2D9EADCD}
	EndGlobalSection
EndGlobal
